// !$*UTF8*$!
{
	archiveVersion = 1;
	classes = {
	};
	objectVersion = 46;
	objects = {

/* Begin PBXBuildFile section */
		C230CC1E1FD54314002C27E5 /* AppDelegate.m in Sources */ = {isa = PBXBuildFile; fileRef = C230CC1D1FD54314002C27E5 /* AppDelegate.m */; };
		C230CC211FD54314002C27E5 /* main.m in Sources */ = {isa = PBXBuildFile; fileRef = C230CC201FD54314002C27E5 /* main.m */; };
		C230CC241FD54314002C27E5 /* ViewController.m in Sources */ = {isa = PBXBuildFile; fileRef = C230CC231FD54314002C27E5 /* ViewController.m */; };
		C230CC261FD54314002C27E5 /* Assets.xcassets in Resources */ = {isa = PBXBuildFile; fileRef = C230CC251FD54314002C27E5 /* Assets.xcassets */; };
		C230CC291FD54314002C27E5 /* Main.storyboard in Resources */ = {isa = PBXBuildFile; fileRef = C230CC271FD54314002C27E5 /* Main.storyboard */; };
		C230CC321FD55427002C27E5 /* DuplicationEngine.m in Sources */ = {isa = PBXBuildFile; fileRef = C230CC311FD55427002C27E5 /* DuplicationEngine.m */; };
		C24246471FD6A3EE007A939F /* NSURL+Duplication.m in Sources */ = {isa = PBXBuildFile; fileRef = C24246461FD6A3EE007A939F /* NSURL+Duplication.m */; };
		C242464A1FD6A500007A939F /* DuplicationEngineData.m in Sources */ = {isa = PBXBuildFile; fileRef = C24246491FD6A500007A939F /* DuplicationEngineData.m */; };
		C24246591FD8165F007A939F /* TableViewCellHeader.m in Sources */ = {isa = PBXBuildFile; fileRef = C24246581FD8165F007A939F /* TableViewCellHeader.m */; };
		C242465C1FD8259E007A939F /* TableCellView.m in Sources */ = {isa = PBXBuildFile; fileRef = C242465B1FD8259E007A939F /* TableCellView.m */; };
		C242465F1FD85018007A939F /* TableView.m in Sources */ = {isa = PBXBuildFile; fileRef = C242465E1FD85018007A939F /* TableView.m */; };
		F85550E4203FA12E00205602 /* NSMutableDictionary+Duplication.m in Sources */ = {isa = PBXBuildFile; fileRef = F85550E3203FA12E00205602 /* NSMutableDictionary+Duplication.m */; };
/* End PBXBuildFile section */

/* Begin PBXFileReference section */
		C230CC191FD54314002C27E5 /* DuplicationFinder.app */ = {isa = PBXFileReference; explicitFileType = wrapper.application; includeInIndex = 0; path = DuplicationFinder.app; sourceTree = BUILT_PRODUCTS_DIR; };
		C230CC1C1FD54314002C27E5 /* AppDelegate.h */ = {isa = PBXFileReference; lastKnownFileType = sourcecode.c.h; path = AppDelegate.h; sourceTree = "<group>"; };
		C230CC1D1FD54314002C27E5 /* AppDelegate.m */ = {isa = PBXFileReference; lastKnownFileType = sourcecode.c.objc; path = AppDelegate.m; sourceTree = "<group>"; };
		C230CC201FD54314002C27E5 /* main.m */ = {isa = PBXFileReference; lastKnownFileType = sourcecode.c.objc; path = main.m; sourceTree = "<group>"; };
		C230CC221FD54314002C27E5 /* ViewController.h */ = {isa = PBXFileReference; lastKnownFileType = sourcecode.c.h; path = ViewController.h; sourceTree = "<group>"; };
		C230CC231FD54314002C27E5 /* ViewController.m */ = {isa = PBXFileReference; lastKnownFileType = sourcecode.c.objc; path = ViewController.m; sourceTree = "<group>"; };
		C230CC251FD54314002C27E5 /* Assets.xcassets */ = {isa = PBXFileReference; lastKnownFileType = folder.assetcatalog; path = Assets.xcassets; sourceTree = "<group>"; };
		C230CC281FD54314002C27E5 /* Base */ = {isa = PBXFileReference; lastKnownFileType = file.storyboard; name = Base; path = Base.lproj/Main.storyboard; sourceTree = "<group>"; };
		C230CC2A1FD54314002C27E5 /* Info.plist */ = {isa = PBXFileReference; lastKnownFileType = text.plist.xml; path = Info.plist; sourceTree = "<group>"; };
		C230CC301FD55427002C27E5 /* DuplicationEngine.h */ = {isa = PBXFileReference; fileEncoding = 4; lastKnownFileType = sourcecode.c.h; path = DuplicationEngine.h; sourceTree = "<group>"; };
		C230CC311FD55427002C27E5 /* DuplicationEngine.m */ = {isa = PBXFileReference; fileEncoding = 4; lastKnownFileType = sourcecode.c.objc; path = DuplicationEngine.m; sourceTree = "<group>"; };
		C24246451FD6A3EE007A939F /* NSURL+Duplication.h */ = {isa = PBXFileReference; lastKnownFileType = sourcecode.c.h; path = "NSURL+Duplication.h"; sourceTree = "<group>"; };
		C24246461FD6A3EE007A939F /* NSURL+Duplication.m */ = {isa = PBXFileReference; lastKnownFileType = sourcecode.c.objc; path = "NSURL+Duplication.m"; sourceTree = "<group>"; };
		C24246481FD6A500007A939F /* DuplicationEngineData.h */ = {isa = PBXFileReference; lastKnownFileType = sourcecode.c.h; path = DuplicationEngineData.h; sourceTree = "<group>"; };
		C24246491FD6A500007A939F /* DuplicationEngineData.m */ = {isa = PBXFileReference; lastKnownFileType = sourcecode.c.objc; path = DuplicationEngineData.m; sourceTree = "<group>"; };
		C24246571FD8165F007A939F /* TableViewCellHeader.h */ = {isa = PBXFileReference; lastKnownFileType = sourcecode.c.h; path = TableViewCellHeader.h; sourceTree = "<group>"; };
		C24246581FD8165F007A939F /* TableViewCellHeader.m */ = {isa = PBXFileReference; lastKnownFileType = sourcecode.c.objc; path = TableViewCellHeader.m; sourceTree = "<group>"; };
		C242465A1FD8259E007A939F /* TableCellView.h */ = {isa = PBXFileReference; lastKnownFileType = sourcecode.c.h; path = TableCellView.h; sourceTree = "<group>"; };
		C242465B1FD8259E007A939F /* TableCellView.m */ = {isa = PBXFileReference; lastKnownFileType = sourcecode.c.objc; path = TableCellView.m; sourceTree = "<group>"; };
		C242465D1FD85018007A939F /* TableView.h */ = {isa = PBXFileReference; lastKnownFileType = sourcecode.c.h; path = TableView.h; sourceTree = "<group>"; };
		C242465E1FD85018007A939F /* TableView.m */ = {isa = PBXFileReference; lastKnownFileType = sourcecode.c.objc; path = TableView.m; sourceTree = "<group>"; };
		F85550E2203FA12E00205602 /* NSMutableDictionary+Duplication.h */ = {isa = PBXFileReference; fileEncoding = 4; lastKnownFileType = sourcecode.c.h; path = "NSMutableDictionary+Duplication.h"; sourceTree = "<group>"; };
		F85550E3203FA12E00205602 /* NSMutableDictionary+Duplication.m */ = {isa = PBXFileReference; fileEncoding = 4; lastKnownFileType = sourcecode.c.objc; path = "NSMutableDictionary+Duplication.m"; sourceTree = "<group>"; };
/* End PBXFileReference section */

/* Begin PBXFrameworksBuildPhase section */
		C230CC161FD54314002C27E5 /* Frameworks */ = {
			isa = PBXFrameworksBuildPhase;
			buildActionMask = 2147483647;
			files = (
			);
			runOnlyForDeploymentPostprocessing = 0;
		};
/* End PBXFrameworksBuildPhase section */

/* Begin PBXGroup section */
		C230CC101FD54314002C27E5 = {
			isa = PBXGroup;
			children = (
				C230CC1B1FD54314002C27E5 /* DuplicationFinder */,
				C230CC1A1FD54314002C27E5 /* Products */,
			);
			sourceTree = "<group>";
		};
		C230CC1A1FD54314002C27E5 /* Products */ = {
			isa = PBXGroup;
			children = (
				C230CC191FD54314002C27E5 /* DuplicationFinder.app */,
			);
			name = Products;
			sourceTree = "<group>";
		};
		C230CC1B1FD54314002C27E5 /* DuplicationFinder */ = {
			isa = PBXGroup;
			children = (
				C24246521FD810C1007A939F /* Core */,
				C230CC1C1FD54314002C27E5 /* AppDelegate.h */,
				C230CC1D1FD54314002C27E5 /* AppDelegate.m */,
				C230CC221FD54314002C27E5 /* ViewController.h */,
				C230CC231FD54314002C27E5 /* ViewController.m */,
				C242465D1FD85018007A939F /* TableView.h */,
				C242465E1FD85018007A939F /* TableView.m */,
				C242465A1FD8259E007A939F /* TableCellView.h */,
				C242465B1FD8259E007A939F /* TableCellView.m */,
				C24246571FD8165F007A939F /* TableViewCellHeader.h */,
				C24246581FD8165F007A939F /* TableViewCellHeader.m */,
				C230CC251FD54314002C27E5 /* Assets.xcassets */,
				C230CC271FD54314002C27E5 /* Main.storyboard */,
				C230CC2A1FD54314002C27E5 /* Info.plist */,
				C230CC1F1FD54314002C27E5 /* Supporting Files */,
			);
			path = DuplicationFinder;
			sourceTree = "<group>";
		};
		C230CC1F1FD54314002C27E5 /* Supporting Files */ = {
			isa = PBXGroup;
			children = (
				C230CC201FD54314002C27E5 /* main.m */,
			);
			name = "Supporting Files";
			sourceTree = "<group>";
		};
		C24246521FD810C1007A939F /* Core */ = {
			isa = PBXGroup;
			children = (
				C24246451FD6A3EE007A939F /* NSURL+Duplication.h */,
				C24246461FD6A3EE007A939F /* NSURL+Duplication.m */,
				F85550E2203FA12E00205602 /* NSMutableDictionary+Duplication.h */,
				F85550E3203FA12E00205602 /* NSMutableDictionary+Duplication.m */,
				C24246481FD6A500007A939F /* DuplicationEngineData.h */,
				C24246491FD6A500007A939F /* DuplicationEngineData.m */,
				C230CC301FD55427002C27E5 /* DuplicationEngine.h */,
				C230CC311FD55427002C27E5 /* DuplicationEngine.m */,
			);
			name = Core;
			sourceTree = "<group>";
		};
/* End PBXGroup section */

/* Begin PBXNativeTarget section */
		C230CC181FD54314002C27E5 /* DuplicationFinder */ = {
			isa = PBXNativeTarget;
			buildConfigurationList = C230CC2D1FD54314002C27E5 /* Build configuration list for PBXNativeTarget "DuplicationFinder" */;
			buildPhases = (
				C230CC151FD54314002C27E5 /* Sources */,
				C230CC161FD54314002C27E5 /* Frameworks */,
				C230CC171FD54314002C27E5 /* Resources */,
			);
			buildRules = (
			);
			dependencies = (
			);
			name = DuplicationFinder;
			productName = DuplicationFinder;
			productReference = C230CC191FD54314002C27E5 /* DuplicationFinder.app */;
			productType = "com.apple.product-type.application";
		};
/* End PBXNativeTarget section */

/* Begin PBXProject section */
		C230CC111FD54314002C27E5 /* Project object */ = {
			isa = PBXProject;
			attributes = {
				LastUpgradeCheck = 0910;
				ORGANIZATIONNAME = "Peter Sipos";
				TargetAttributes = {
					C230CC181FD54314002C27E5 = {
						CreatedOnToolsVersion = 8.3.3;
						ProvisioningStyle = Automatic;
					};
				};
			};
			buildConfigurationList = C230CC141FD54314002C27E5 /* Build configuration list for PBXProject "DuplicationFinder" */;
			compatibilityVersion = "Xcode 3.2";
			developmentRegion = English;
			hasScannedForEncodings = 0;
			knownRegions = (
				en,
				Base,
			);
			mainGroup = C230CC101FD54314002C27E5;
			productRefGroup = C230CC1A1FD54314002C27E5 /* Products */;
			projectDirPath = "";
			projectRoot = "";
			targets = (
				C230CC181FD54314002C27E5 /* DuplicationFinder */,
			);
		};
/* End PBXProject section */

/* Begin PBXResourcesBuildPhase section */
		C230CC171FD54314002C27E5 /* Resources */ = {
			isa = PBXResourcesBuildPhase;
			buildActionMask = 2147483647;
			files = (
				C230CC261FD54314002C27E5 /* Assets.xcassets in Resources */,
				C230CC291FD54314002C27E5 /* Main.storyboard in Resources */,
			);
			runOnlyForDeploymentPostprocessing = 0;
		};
/* End PBXResourcesBuildPhase section */

/* Begin PBXSourcesBuildPhase section */
		C230CC151FD54314002C27E5 /* Sources */ = {
			isa = PBXSourcesBuildPhase;
			buildActionMask = 2147483647;
			files = (
				F85550E4203FA12E00205602 /* NSMutableDictionary+Duplication.m in Sources */,
				C242465F1FD85018007A939F /* TableView.m in Sources */,
				C242465C1FD8259E007A939F /* TableCellView.m in Sources */,
				C24246591FD8165F007A939F /* TableViewCellHeader.m in Sources */,
				C230CC321FD55427002C27E5 /* DuplicationEngine.m in Sources */,
				C230CC241FD54314002C27E5 /* ViewController.m in Sources */,
				C24246471FD6A3EE007A939F /* NSURL+Duplication.m in Sources */,
				C230CC211FD54314002C27E5 /* main.m in Sources */,
				C242464A1FD6A500007A939F /* DuplicationEngineData.m in Sources */,
				C230CC1E1FD54314002C27E5 /* AppDelegate.m in Sources */,
			);
			runOnlyForDeploymentPostprocessing = 0;
		};
/* End PBXSourcesBuildPhase section */

/* Begin PBXVariantGroup section */
		C230CC271FD54314002C27E5 /* Main.storyboard */ = {
			isa = PBXVariantGroup;
			children = (
				C230CC281FD54314002C27E5 /* Base */,
			);
			name = Main.storyboard;
			sourceTree = "<group>";
		};
/* End PBXVariantGroup section */

/* Begin XCBuildConfiguration section */
		C230CC2B1FD54314002C27E5 /* Debug */ = {
			isa = XCBuildConfiguration;
			buildSettings = {
				ALWAYS_SEARCH_USER_PATHS = NO;
				CLANG_ANALYZER_NONNULL = YES;
				CLANG_ANALYZER_NUMBER_OBJECT_CONVERSION = YES_AGGRESSIVE;
				CLANG_CXX_LANGUAGE_STANDARD = "gnu++0x";
				CLANG_CXX_LIBRARY = "libc++";
				CLANG_ENABLE_MODULES = YES;
				CLANG_ENABLE_OBJC_ARC = YES;
				CLANG_WARN_BLOCK_CAPTURE_AUTORELEASING = YES;
				CLANG_WARN_BOOL_CONVERSION = YES;
				CLANG_WARN_COMMA = YES;
				CLANG_WARN_CONSTANT_CONVERSION = YES;
				CLANG_WARN_DIRECT_OBJC_ISA_USAGE = YES_ERROR;
				CLANG_WARN_DOCUMENTATION_COMMENTS = YES;
				CLANG_WARN_EMPTY_BODY = YES;
				CLANG_WARN_ENUM_CONVERSION = YES;
				CLANG_WARN_INFINITE_RECURSION = YES;
				CLANG_WARN_INT_CONVERSION = YES;
				CLANG_WARN_NON_LITERAL_NULL_CONVERSION = YES;
				CLANG_WARN_OBJC_LITERAL_CONVERSION = YES;
				CLANG_WARN_OBJC_ROOT_CLASS = YES_ERROR;
				CLANG_WARN_RANGE_LOOP_ANALYSIS = YES;
				CLANG_WARN_STRICT_PROTOTYPES = YES;
				CLANG_WARN_SUSPICIOUS_MOVE = YES;
				CLANG_WARN_UNREACHABLE_CODE = YES;
				CLANG_WARN__DUPLICATE_METHOD_MATCH = YES;
				CODE_SIGN_IDENTITY = "-";
				COPY_PHASE_STRIP = NO;
				DEBUG_INFORMATION_FORMAT = dwarf;
				ENABLE_STRICT_OBJC_MSGSEND = YES;
				ENABLE_TESTABILITY = YES;
				GCC_C_LANGUAGE_STANDARD = gnu99;
				GCC_DYNAMIC_NO_PIC = NO;
				GCC_NO_COMMON_BLOCKS = YES;
				GCC_OPTIMIZATION_LEVEL = 0;
				GCC_PREPROCESSOR_DEFINITIONS = (
					"DEBUG=1",
					"$(inherited)",
				);
				GCC_WARN_64_TO_32_BIT_CONVERSION = YES;
				GCC_WARN_ABOUT_RETURN_TYPE = YES_ERROR;
				GCC_WARN_UNDECLARED_SELECTOR = YES;
				GCC_WARN_UNINITIALIZED_AUTOS = YES_AGGRESSIVE;
				GCC_WARN_UNUSED_FUNCTION = YES;
				GCC_WARN_UNUSED_VARIABLE = YES;
				MACOSX_DEPLOYMENT_TARGET = 10.12;
				MTL_ENABLE_DEBUG_INFO = YES;
				ONLY_ACTIVE_ARCH = YES;
				SDKROOT = macosx;
			};
			name = Debug;
		};
		C230CC2C1FD54314002C27E5 /* Release */ = {
			isa = XCBuildConfiguration;
			buildSettings = {
				ALWAYS_SEARCH_USER_PATHS = NO;
				CLANG_ANALYZER_NONNULL = YES;
				CLANG_ANALYZER_NUMBER_OBJECT_CONVERSION = YES_AGGRESSIVE;
				CLANG_CXX_LANGUAGE_STANDARD = "gnu++0x";
				CLANG_CXX_LIBRARY = "libc++";
				CLANG_ENABLE_MODULES = YES;
				CLANG_ENABLE_OBJC_ARC = YES;
				CLANG_WARN_BLOCK_CAPTURE_AUTORELEASING = YES;
				CLANG_WARN_BOOL_CONVERSION = YES;
				CLANG_WARN_COMMA = YES;
				CLANG_WARN_CONSTANT_CONVERSION = YES;
				CLANG_WARN_DIRECT_OBJC_ISA_USAGE = YES_ERROR;
				CLANG_WARN_DOCUMENTATION_COMMENTS = YES;
				CLANG_WARN_EMPTY_BODY = YES;
				CLANG_WARN_ENUM_CONVERSION = YES;
				CLANG_WARN_INFINITE_RECURSION = YES;
				CLANG_WARN_INT_CONVERSION = YES;
				CLANG_WARN_NON_LITERAL_NULL_CONVERSION = YES;
				CLANG_WARN_OBJC_LITERAL_CONVERSION = YES;
				CLANG_WARN_OBJC_ROOT_CLASS = YES_ERROR;
				CLANG_WARN_RANGE_LOOP_ANALYSIS = YES;
				CLANG_WARN_STRICT_PROTOTYPES = YES;
				CLANG_WARN_SUSPICIOUS_MOVE = YES;
				CLANG_WARN_UNREACHABLE_CODE = YES;
				CLANG_WARN__DUPLICATE_METHOD_MATCH = YES;
				CODE_SIGN_IDENTITY = "-";
				COPY_PHASE_STRIP = NO;
				DEBUG_INFORMATION_FORMAT = "dwarf-with-dsym";
				ENABLE_NS_ASSERTIONS = NO;
				ENABLE_STRICT_OBJC_MSGSEND = YES;
				GCC_C_LANGUAGE_STANDARD = gnu99;
				GCC_NO_COMMON_BLOCKS = YES;
				GCC_WARN_64_TO_32_BIT_CONVERSION = YES;
				GCC_WARN_ABOUT_RETURN_TYPE = YES_ERROR;
				GCC_WARN_UNDECLARED_SELECTOR = YES;
				GCC_WARN_UNINITIALIZED_AUTOS = YES_AGGRESSIVE;
				GCC_WARN_UNUSED_FUNCTION = YES;
				GCC_WARN_UNUSED_VARIABLE = YES;
				MACOSX_DEPLOYMENT_TARGET = 10.12;
				MTL_ENABLE_DEBUG_INFO = NO;
				SDKROOT = macosx;
			};
			name = Release;
		};
		C230CC2E1FD54314002C27E5 /* Debug */ = {
			isa = XCBuildConfiguration;
			buildSettings = {
				ASSETCATALOG_COMPILER_APPICON_NAME = AppIcon;
				COMBINE_HIDPI_IMAGES = YES;
				INFOPLIST_FILE = DuplicationFinder/Info.plist;
				LD_RUNPATH_SEARCH_PATHS = "$(inherited) @executable_path/../Frameworks";
				PRODUCT_BUNDLE_IDENTIFIER = Sistem.DuplicationFinder;
				PRODUCT_NAME = "$(TARGET_NAME)";
			};
			name = Debug;
		};
		C230CC2F1FD54314002C27E5 /* Release */ = {
			isa = XCBuildConfiguration;
			buildSettings = {
				ASSETCATALOG_COMPILER_APPICON_NAME = AppIcon;
				COMBINE_HIDPI_IMAGES = YES;
				INFOPLIST_FILE = DuplicationFinder/Info.plist;
				LD_RUNPATH_SEARCH_PATHS = "$(inherited) @executable_path/../Frameworks";
				PRODUCT_BUNDLE_IDENTIFIER = Sistem.DuplicationFinder;
				PRODUCT_NAME = "$(TARGET_NAME)";
			};
			name = Release;
		};
/* End XCBuildConfiguration section */

/* Begin XCConfigurationList section */
		C230CC141FD54314002C27E5 /* Build configuration list for PBXProject "DuplicationFinder" */ = {
			isa = XCConfigurationList;
			buildConfigurations = (
				C230CC2B1FD54314002C27E5 /* Debug */,
				C230CC2C1FD54314002C27E5 /* Release */,
			);
			defaultConfigurationIsVisible = 0;
			defaultConfigurationName = Release;
		};
		C230CC2D1FD54314002C27E5 /* Build configuration list for PBXNativeTarget "DuplicationFinder" */ = {
			isa = XCConfigurationList;
			buildConfigurations = (
				C230CC2E1FD54314002C27E5 /* Debug */,
				C230CC2F1FD54314002C27E5 /* Release */,
			);
			defaultConfigurationIsVisible = 0;
			defaultConfigurationName = Release;
		};
/* End XCConfigurationList section */
	};
	rootObject = C230CC111FD54314002C27E5 /* Project object */;
}
